
Microsoft Visual Studio Solution File, Format Version 12.00
# Visual Studio Version 17
VisualStudioVersion = 17.5.33424.131
MinimumVisualStudioVersion = 10.0.40219.1
Project("{9A19103F-16F7-4668-BE54-9A1E7A4F7556}") = "Elgros", "Elgros\Elgros.csproj", "{144E6930-A0D2-444F-8E72-5D04EB5C0D44}"
EndProject
Project("{9A19103F-16F7-4668-BE54-9A1E7A4F7556}") = "ElgrosLib", "ElgrosLib\ElgrosLib.csproj", "{8471F87B-BD1C-4CA5-B6EE-BFEA4675CB72}"
EndProject
Project("{FAE04EC0-301F-11D3-BF4B-00C04F79EFBC}") = "ElgrosLibTester", "ElgrosLibTester\ElgrosLibTester.csproj", "{DD42DC02-250A-4612-883A-80B54FEA172B}"
EndProject
Global
	GlobalSection(SolutionConfigurationPlatforms) = preSolution
		Debug|Any CPU = Debug|Any CPU
		Release|Any CPU = Release|Any CPU
	EndGlobalSection
	GlobalSection(ProjectConfigurationPlatforms) = postSolution
		{144E6930-A0D2-444F-8E72-5D04EB5C0D44}.Debug|Any CPU.ActiveCfg = Debug|Any CPU
		{144E6930-A0D2-444F-8E72-5D04EB5C0D44}.Debug|Any CPU.Build.0 = Debug|Any CPU
		{144E6930-A0D2-444F-8E72-5D04EB5C0D44}.Release|Any CPU.ActiveCfg = Release|Any CPU
		{144E6930-A0D2-444F-8E72-5D04EB5C0D44}.Release|Any CPU.Build.0 = Release|Any CPU
		{8471F87B-BD1C-4CA5-B6EE-BFEA4675CB72}.Debug|Any CPU.ActiveCfg = Debug|Any CPU
		{8471F87B-BD1C-4CA5-B6EE-BFEA4675CB72}.Debug|Any CPU.Build.0 = Debug|Any CPU
		{8471F87B-BD1C-4CA5-B6EE-BFEA4675CB72}.Release|Any CPU.ActiveCfg = Release|Any CPU
		{8471F87B-BD1C-4CA5-B6EE-BFEA4675CB72}.Release|Any CPU.Build.0 = Release|Any CPU
		{DD42DC02-250A-4612-883A-80B54FEA172B}.Debug|Any CPU.ActiveCfg = Debug|Any CPU
		{DD42DC02-250A-4612-883A-80B54FEA172B}.Debug|Any CPU.Build.0 = Debug|Any CPU
		{DD42DC02-250A-4612-883A-80B54FEA172B}.Release|Any CPU.ActiveCfg = Release|Any CPU
		{DD42DC02-250A-4612-883A-80B54FEA172B}.Release|Any CPU.Build.0 = Release|Any CPU
	EndGlobalSection
	GlobalSection(SolutionProperties) = preSolution
		HideSolutionNode = FALSE
	EndGlobalSection
	GlobalSection(ExtensibilityGlobals) = postSolution
		SolutionGuid = {575C5E41-1150-43D5-B9A5-346DB82FC860}
	EndGlobalSection
EndGlobal
